
Microsoft Visual Studio Solution File, Format Version 12.00
# Visual Studio Version 17
VisualStudioVersion = 17.12.35527.113
MinimumVisualStudioVersion = 10.0.40219.1
Project("{FAE04EC0-301F-11D3-BF4B-00C04F79EFBC}") = "CafeManagementSystem", "CafeManagementSystem.csproj", "{CA5771CF-6FAF-4E6E-BFA1-C3FD6F427A73}"
EndProject
Project("{FAE04EC0-301F-11D3-BF4B-00C04F79EFBC}") = "TestCafe", "..\TestCafe\TestCafe.csproj", "{D3F2BF34-3624-4F22-95CD-7F53C788A007}"
EndProject
Global
	GlobalSection(SolutionConfigurationPlatforms) = preSolution
		Debug|Any CPU = Debug|Any CPU
		Release|Any CPU = Release|Any CPU
	EndGlobalSection
	GlobalSection(ProjectConfigurationPlatforms) = postSolution
		{CA5771CF-6FAF-4E6E-BFA1-C3FD6F427A73}.Debug|Any CPU.ActiveCfg = Debug|Any CPU
		{CA5771CF-6FAF-4E6E-BFA1-C3FD6F427A73}.Debug|Any CPU.Build.0 = Debug|Any CPU
		{CA5771CF-6FAF-4E6E-BFA1-C3FD6F427A73}.Release|Any CPU.ActiveCfg = Release|Any CPU
		{CA5771CF-6FAF-4E6E-BFA1-C3FD6F427A73}.Release|Any CPU.Build.0 = Release|Any CPU
		{D3F2BF34-3624-4F22-95CD-7F53C788A007}.Debug|Any CPU.ActiveCfg = Debug|Any CPU
		{D3F2BF34-3624-4F22-95CD-7F53C788A007}.Debug|Any CPU.Build.0 = Debug|Any CPU
		{D3F2BF34-3624-4F22-95CD-7F53C788A007}.Release|Any CPU.ActiveCfg = Release|Any CPU
		{D3F2BF34-3624-4F22-95CD-7F53C788A007}.Release|Any CPU.Build.0 = Release|Any CPU
	EndGlobalSection
	GlobalSection(SolutionProperties) = preSolution
		HideSolutionNode = FALSE
	EndGlobalSection
EndGlobal
